
Microsoft Visual Studio Solution File, Format Version 12.00
# Visual Studio Version 16
VisualStudioVersion = 16.0.30517.126
MinimumVisualStudioVersion = 10.0.40219.1
Project("{FAE04EC0-301F-11D3-BF4B-00C04F79EFBC}") = "LOLTeamMaker", "LOLTeamMaker\LOLTeamMaker.csproj", "{A6AA340A-4FA3-4BCA-AD73-1FE547641289}"
EndProject
Global
	GlobalSection(SolutionConfigurationPlatforms) = preSolution
		Debug|Any CPU = Debug|Any CPU
		Release|Any CPU = Release|Any CPU
	EndGlobalSection
	GlobalSection(ProjectConfigurationPlatforms) = postSolution
		{A6AA340A-4FA3-4BCA-AD73-1FE547641289}.Debug|Any CPU.ActiveCfg = Debug|Any CPU
		{A6AA340A-4FA3-4BCA-AD73-1FE547641289}.Debug|Any CPU.Build.0 = Debug|Any CPU
		{A6AA340A-4FA3-4BCA-AD73-1FE547641289}.Release|Any CPU.ActiveCfg = Release|Any CPU
		{A6AA340A-4FA3-4BCA-AD73-1FE547641289}.Release|Any CPU.Build.0 = Release|Any CPU
	EndGlobalSection
	GlobalSection(SolutionProperties) = preSolution
		HideSolutionNode = FALSE
	EndGlobalSection
	GlobalSection(ExtensibilityGlobals) = postSolution
		SolutionGuid = {28B3A4C2-0252-4879-A9A1-D7D1EB6D6CA9}
	EndGlobalSection
EndGlobal
